
Microsoft Visual Studio Solution File, Format Version 12.00
# Visual Studio Version 16
VisualStudioVersion = 16.0.30503.244
MinimumVisualStudioVersion = 10.0.40219.1
Project("{FAE04EC0-301F-11D3-BF4B-00C04F79EFBC}") = "GADE6112_Roguelike_Game", "GADE6112_Roguelike_Game\GADE6112_Roguelike_Game.csproj", "{C72FCE8F-4411-49D3-A1F3-7802D2781644}"
EndProject
Global
	GlobalSection(SolutionConfigurationPlatforms) = preSolution
		Debug|Any CPU = Debug|Any CPU
		Release|Any CPU = Release|Any CPU
	EndGlobalSection
	GlobalSection(ProjectConfigurationPlatforms) = postSolution
		{C72FCE8F-4411-49D3-A1F3-7802D2781644}.Debug|Any CPU.ActiveCfg = Debug|Any CPU
		{C72FCE8F-4411-49D3-A1F3-7802D2781644}.Debug|Any CPU.Build.0 = Debug|Any CPU
		{C72FCE8F-4411-49D3-A1F3-7802D2781644}.Release|Any CPU.ActiveCfg = Release|Any CPU
		{C72FCE8F-4411-49D3-A1F3-7802D2781644}.Release|Any CPU.Build.0 = Release|Any CPU
	EndGlobalSection
	GlobalSection(SolutionProperties) = preSolution
		HideSolutionNode = FALSE
	EndGlobalSection
	GlobalSection(ExtensibilityGlobals) = postSolution
		SolutionGuid = {D787E53F-B47A-4BC8-A08E-5BFBD8CCF45C}
	EndGlobalSection
EndGlobal
